
Microsoft Visual Studio Solution File, Format Version 12.00
# Visual Studio Version 16
VisualStudioVersion = 25.0.1706.8
MinimumVisualStudioVersion = 10.0.40219.1
Project("{FAE04EC0-301F-11D3-BF4B-00C04F79EFBC}") = "PokeBattleProject", "PokeBattleProject.csproj", "{611AB42A-F960-485D-8686-C57F2916F8CA}"
EndProject
Global
	GlobalSection(SolutionConfigurationPlatforms) = preSolution
		Debug|Any CPU = Debug|Any CPU
		Release|Any CPU = Release|Any CPU
	EndGlobalSection
	GlobalSection(ProjectConfigurationPlatforms) = postSolution
		{611AB42A-F960-485D-8686-C57F2916F8CA}.Debug|Any CPU.ActiveCfg = Debug|Any CPU
		{611AB42A-F960-485D-8686-C57F2916F8CA}.Debug|Any CPU.Build.0 = Debug|Any CPU
		{611AB42A-F960-485D-8686-C57F2916F8CA}.Release|Any CPU.ActiveCfg = Release|Any CPU
		{611AB42A-F960-485D-8686-C57F2916F8CA}.Release|Any CPU.Build.0 = Release|Any CPU
	EndGlobalSection
	GlobalSection(SolutionProperties) = preSolution
		HideSolutionNode = FALSE
	EndGlobalSection
	GlobalSection(ExtensibilityGlobals) = postSolution
		SolutionGuid = {E056BB7B-D0F0-48BD-85A7-921F5149EFFB}
	EndGlobalSection
EndGlobal
